// !$*UTF8*$!
{
	archiveVersion = 1;
	classes = {
	};
	objectVersion = 46;
	objects = {

/* Begin PBXBuildFile section */
		2E4756B31EDC1BCF00FD2C1D /* AppDelegate.swift in Sources */ = {isa = PBXBuildFile; fileRef = 2E4756B21EDC1BCF00FD2C1D /* AppDelegate.swift */; };
		2E4756B51EDC1BCF00FD2C1D /* EntryViewController.swift in Sources */ = {isa = PBXBuildFile; fileRef = 2E4756B41EDC1BCF00FD2C1D /* EntryViewController.swift */; };
		2E4756B81EDC1BCF00FD2C1D /* Main.storyboard in Resources */ = {isa = PBXBuildFile; fileRef = 2E4756B61EDC1BCF00FD2C1D /* Main.storyboard */; };
		2E4756BA1EDC1BCF00FD2C1D /* Assets.xcassets in Resources */ = {isa = PBXBuildFile; fileRef = 2E4756B91EDC1BCF00FD2C1D /* Assets.xcassets */; };
		2E4756BD1EDC1BCF00FD2C1D /* LaunchScreen.storyboard in Resources */ = {isa = PBXBuildFile; fileRef = 2E4756BB1EDC1BCF00FD2C1D /* LaunchScreen.storyboard */; };
		2E4756CC1EDC1F1000FD2C1D /* StubLibraries.swift in Sources */ = {isa = PBXBuildFile; fileRef = 2E4756CB1EDC1F1000FD2C1D /* StubLibraries.swift */; };
		2E4756F31EDC203300FD2C1D /* BaseData.swift in Sources */ = {isa = PBXBuildFile; fileRef = 2E4756EF1EDC203300FD2C1D /* BaseData.swift */; };
		2E4756F41EDC203300FD2C1D /* Params.swift in Sources */ = {isa = PBXBuildFile; fileRef = 2E4756F01EDC203300FD2C1D /* Params.swift */; };
		2E4756F51EDC203300FD2C1D /* Response.swift in Sources */ = {isa = PBXBuildFile; fileRef = 2E4756F11EDC203300FD2C1D /* Response.swift */; };
		2E4756F61EDC203300FD2C1D /* ResponseDelegate.swift in Sources */ = {isa = PBXBuildFile; fileRef = 2E4756F21EDC203300FD2C1D /* ResponseDelegate.swift */; };
		2E4756F81EDC204300FD2C1D /* ServerConfig.swift in Sources */ = {isa = PBXBuildFile; fileRef = 2E4756F71EDC204300FD2C1D /* ServerConfig.swift */; };
		2E4756FA1EDC205400FD2C1D /* Constants.swift in Sources */ = {isa = PBXBuildFile; fileRef = 2E4756F91EDC205400FD2C1D /* Constants.swift */; };
		2E4756FD1EDC207E00FD2C1D /* ServerEnums.swift in Sources */ = {isa = PBXBuildFile; fileRef = 2E4756FC1EDC207E00FD2C1D /* ServerEnums.swift */; };
		2E4756FF1EDC208500FD2C1D /* ConfigLoader.swift in Sources */ = {isa = PBXBuildFile; fileRef = 2E4756FE1EDC208500FD2C1D /* ConfigLoader.swift */; };
		2E4757031EDC211600FD2C1D /* Endpoints.swift in Sources */ = {isa = PBXBuildFile; fileRef = 2E4757021EDC211600FD2C1D /* Endpoints.swift */; };
		2E4757051EDC211F00FD2C1D /* ApiCalls.swift in Sources */ = {isa = PBXBuildFile; fileRef = 2E4757041EDC211F00FD2C1D /* ApiCalls.swift */; };
		2E4757101EDC223300FD2C1D /* StubView.swift in Sources */ = {isa = PBXBuildFile; fileRef = 2E47570F1EDC223300FD2C1D /* StubView.swift */; };
		2E4757121EDC224500FD2C1D /* StubView.xib in Resources */ = {isa = PBXBuildFile; fileRef = 2E4757111EDC224500FD2C1D /* StubView.xib */; };
		2E4757141EDC260B00FD2C1D /* Stub.storyboard in Resources */ = {isa = PBXBuildFile; fileRef = 2E4757131EDC260B00FD2C1D /* Stub.storyboard */; };
		2E4757161EDC262000FD2C1D /* StubUtils.swift in Sources */ = {isa = PBXBuildFile; fileRef = 2E4757151EDC262000FD2C1D /* StubUtils.swift */; };
		2E4757181EDC262D00FD2C1D /* StubExtension.swift in Sources */ = {isa = PBXBuildFile; fileRef = 2E4757171EDC262D00FD2C1D /* StubExtension.swift */; };
		2E47571A1EDC265600FD2C1D /* StubTableViewCell.swift in Sources */ = {isa = PBXBuildFile; fileRef = 2E4757191EDC265600FD2C1D /* StubTableViewCell.swift */; };
		2E47571C1EDC267F00FD2C1D /* StubTableViewCell.xib in Resources */ = {isa = PBXBuildFile; fileRef = 2E47571B1EDC267F00FD2C1D /* StubTableViewCell.xib */; };
		2E47571E1EDC26C200FD2C1D /* SampleServerConfig.plist in Resources */ = {isa = PBXBuildFile; fileRef = 2E47571D1EDC26C200FD2C1D /* SampleServerConfig.plist */; };
		2E4757201EDC271500FD2C1D /* README.md in Sources */ = {isa = PBXBuildFile; fileRef = 2E47571F1EDC271500FD2C1D /* README.md */; };
/* End PBXBuildFile section */

/* Begin PBXFileReference section */
		2E4756AF1EDC1BCF00FD2C1D /* BaseiOSProject.app */ = {isa = PBXFileReference; explicitFileType = wrapper.application; includeInIndex = 0; path = BaseiOSProject.app; sourceTree = BUILT_PRODUCTS_DIR; };
		2E4756B21EDC1BCF00FD2C1D /* AppDelegate.swift */ = {isa = PBXFileReference; lastKnownFileType = sourcecode.swift; path = AppDelegate.swift; sourceTree = "<group>"; };
		2E4756B41EDC1BCF00FD2C1D /* EntryViewController.swift */ = {isa = PBXFileReference; lastKnownFileType = sourcecode.swift; path = EntryViewController.swift; sourceTree = "<group>"; };
		2E4756B71EDC1BCF00FD2C1D /* Base */ = {isa = PBXFileReference; lastKnownFileType = file.storyboard; name = Base; path = Base.lproj/Main.storyboard; sourceTree = "<group>"; };
		2E4756B91EDC1BCF00FD2C1D /* Assets.xcassets */ = {isa = PBXFileReference; lastKnownFileType = folder.assetcatalog; path = Assets.xcassets; sourceTree = "<group>"; };
		2E4756BC1EDC1BCF00FD2C1D /* Base */ = {isa = PBXFileReference; lastKnownFileType = file.storyboard; name = Base; path = Base.lproj/LaunchScreen.storyboard; sourceTree = "<group>"; };
		2E4756BE1EDC1BCF00FD2C1D /* Info.plist */ = {isa = PBXFileReference; lastKnownFileType = text.plist.xml; path = Info.plist; sourceTree = "<group>"; };
		2E4756CB1EDC1F1000FD2C1D /* StubLibraries.swift */ = {isa = PBXFileReference; fileEncoding = 4; lastKnownFileType = sourcecode.swift; path = StubLibraries.swift; sourceTree = "<group>"; };
		2E4756EF1EDC203300FD2C1D /* BaseData.swift */ = {isa = PBXFileReference; fileEncoding = 4; lastKnownFileType = sourcecode.swift; path = BaseData.swift; sourceTree = "<group>"; };
		2E4756F01EDC203300FD2C1D /* Params.swift */ = {isa = PBXFileReference; fileEncoding = 4; lastKnownFileType = sourcecode.swift; path = Params.swift; sourceTree = "<group>"; };
		2E4756F11EDC203300FD2C1D /* Response.swift */ = {isa = PBXFileReference; fileEncoding = 4; lastKnownFileType = sourcecode.swift; path = Response.swift; sourceTree = "<group>"; };
		2E4756F21EDC203300FD2C1D /* ResponseDelegate.swift */ = {isa = PBXFileReference; fileEncoding = 4; lastKnownFileType = sourcecode.swift; path = ResponseDelegate.swift; sourceTree = "<group>"; };
		2E4756F71EDC204300FD2C1D /* ServerConfig.swift */ = {isa = PBXFileReference; fileEncoding = 4; lastKnownFileType = sourcecode.swift; path = ServerConfig.swift; sourceTree = "<group>"; };
		2E4756F91EDC205400FD2C1D /* Constants.swift */ = {isa = PBXFileReference; fileEncoding = 4; lastKnownFileType = sourcecode.swift; path = Constants.swift; sourceTree = "<group>"; };
		2E4756FC1EDC207E00FD2C1D /* ServerEnums.swift */ = {isa = PBXFileReference; fileEncoding = 4; lastKnownFileType = sourcecode.swift; path = ServerEnums.swift; sourceTree = "<group>"; };
		2E4756FE1EDC208500FD2C1D /* ConfigLoader.swift */ = {isa = PBXFileReference; fileEncoding = 4; lastKnownFileType = sourcecode.swift; path = ConfigLoader.swift; sourceTree = "<group>"; };
		2E4757021EDC211600FD2C1D /* Endpoints.swift */ = {isa = PBXFileReference; fileEncoding = 4; lastKnownFileType = sourcecode.swift; path = Endpoints.swift; sourceTree = "<group>"; };
		2E4757041EDC211F00FD2C1D /* ApiCalls.swift */ = {isa = PBXFileReference; fileEncoding = 4; lastKnownFileType = sourcecode.swift; path = ApiCalls.swift; sourceTree = "<group>"; };
		2E47570F1EDC223300FD2C1D /* StubView.swift */ = {isa = PBXFileReference; fileEncoding = 4; lastKnownFileType = sourcecode.swift; path = StubView.swift; sourceTree = "<group>"; };
		2E4757111EDC224500FD2C1D /* StubView.xib */ = {isa = PBXFileReference; fileEncoding = 4; lastKnownFileType = file.xib; path = StubView.xib; sourceTree = "<group>"; };
		2E4757131EDC260B00FD2C1D /* Stub.storyboard */ = {isa = PBXFileReference; fileEncoding = 4; lastKnownFileType = file.storyboard; path = Stub.storyboard; sourceTree = "<group>"; };
		2E4757151EDC262000FD2C1D /* StubUtils.swift */ = {isa = PBXFileReference; fileEncoding = 4; lastKnownFileType = sourcecode.swift; path = StubUtils.swift; sourceTree = "<group>"; };
		2E4757171EDC262D00FD2C1D /* StubExtension.swift */ = {isa = PBXFileReference; fileEncoding = 4; lastKnownFileType = sourcecode.swift; path = StubExtension.swift; sourceTree = "<group>"; };
		2E4757191EDC265600FD2C1D /* StubTableViewCell.swift */ = {isa = PBXFileReference; fileEncoding = 4; lastKnownFileType = sourcecode.swift; path = StubTableViewCell.swift; sourceTree = "<group>"; };
		2E47571B1EDC267F00FD2C1D /* StubTableViewCell.xib */ = {isa = PBXFileReference; fileEncoding = 4; lastKnownFileType = file.xib; path = StubTableViewCell.xib; sourceTree = "<group>"; };
		2E47571D1EDC26C200FD2C1D /* SampleServerConfig.plist */ = {isa = PBXFileReference; fileEncoding = 4; lastKnownFileType = text.plist.xml; path = SampleServerConfig.plist; sourceTree = "<group>"; };
		2E47571F1EDC271500FD2C1D /* README.md */ = {isa = PBXFileReference; fileEncoding = 4; lastKnownFileType = net.daringfireball.markdown; path = README.md; sourceTree = "<group>"; };
/* End PBXFileReference section */

/* Begin PBXFrameworksBuildPhase section */
		2E4756AC1EDC1BCF00FD2C1D /* Frameworks */ = {
			isa = PBXFrameworksBuildPhase;
			buildActionMask = 2147483647;
			files = (
			);
			runOnlyForDeploymentPostprocessing = 0;
		};
/* End PBXFrameworksBuildPhase section */

/* Begin PBXGroup section */
		2E4756A61EDC1BCF00FD2C1D = {
			isa = PBXGroup;
			children = (
				2E47571F1EDC271500FD2C1D /* README.md */,
				2E4756B11EDC1BCF00FD2C1D /* BaseiOSProject */,
				2E4756B01EDC1BCF00FD2C1D /* Products */,
			);
			sourceTree = "<group>";
		};
		2E4756B01EDC1BCF00FD2C1D /* Products */ = {
			isa = PBXGroup;
			children = (
				2E4756AF1EDC1BCF00FD2C1D /* BaseiOSProject.app */,
			);
			name = Products;
			sourceTree = "<group>";
		};
		2E4756B11EDC1BCF00FD2C1D /* BaseiOSProject */ = {
			isa = PBXGroup;
			children = (
				2E4756C51EDC1C0C00FD2C1D /* app */,
				2E4756C91EDC1C4100FD2C1D /* updated_libraries */,
				2E4756C81EDC1C3300FD2C1D /* plist_config */,
				2E4756C71EDC1C1F00FD2C1D /* resources */,
				2E4756C61EDC1C1800FD2C1D /* engine */,
				2E4756B61EDC1BCF00FD2C1D /* Main.storyboard */,
				2E4756B91EDC1BCF00FD2C1D /* Assets.xcassets */,
				2E4756BB1EDC1BCF00FD2C1D /* LaunchScreen.storyboard */,
				2E4756BE1EDC1BCF00FD2C1D /* Info.plist */,
			);
			path = BaseiOSProject;
			sourceTree = "<group>";
		};
		2E4756C51EDC1C0C00FD2C1D /* app */ = {
			isa = PBXGroup;
			children = (
				2E4756B21EDC1BCF00FD2C1D /* AppDelegate.swift */,
				2E47570C1EDC218000FD2C1D /* views */,
				2E47570B1EDC217500FD2C1D /* viewcontrollers */,
				2E47570A1EDC216E00FD2C1D /* utils */,
				2E4757091EDC216800FD2C1D /* storyboards */,
				2E4757081EDC216000FD2C1D /* extensions */,
				2E4757071EDC215800FD2C1D /* cells */,
			);
			path = app;
			sourceTree = "<group>";
		};
		2E4756C61EDC1C1800FD2C1D /* engine */ = {
			isa = PBXGroup;
			children = (
				2E4756EC1EDC1FB700FD2C1D /* models */,
				2E4756EB1EDC1FAF00FD2C1D /* constants */,
				2E4756EA1EDC1FA900FD2C1D /* config */,
				2E4756E91EDC1FA200FD2C1D /* api */,
			);
			path = engine;
			sourceTree = "<group>";
		};
		2E4756C71EDC1C1F00FD2C1D /* resources */ = {
			isa = PBXGroup;
			children = (
			);
			path = resources;
			sourceTree = "<group>";
		};
		2E4756C81EDC1C3300FD2C1D /* plist_config */ = {
			isa = PBXGroup;
			children = (
				2E47571D1EDC26C200FD2C1D /* SampleServerConfig.plist */,
			);
			path = plist_config;
			sourceTree = "<group>";
		};
		2E4756C91EDC1C4100FD2C1D /* updated_libraries */ = {
			isa = PBXGroup;
			children = (
				2E4756CB1EDC1F1000FD2C1D /* StubLibraries.swift */,
			);
			path = updated_libraries;
			sourceTree = "<group>";
		};
		2E4756E91EDC1FA200FD2C1D /* api */ = {
			isa = PBXGroup;
			children = (
				2E4757011EDC20F800FD2C1D /* endpoints */,
				2E4757001EDC20F200FD2C1D /* calls */,
			);
			path = api;
			sourceTree = "<group>";
		};
		2E4756EA1EDC1FA900FD2C1D /* config */ = {
			isa = PBXGroup;
			children = (
				2E4756FE1EDC208500FD2C1D /* ConfigLoader.swift */,
				2E4756FB1EDC206C00FD2C1D /* enums */,
			);
			path = config;
			sourceTree = "<group>";
		};
		2E4756EB1EDC1FAF00FD2C1D /* constants */ = {
			isa = PBXGroup;
			children = (
				2E4756F91EDC205400FD2C1D /* Constants.swift */,
			);
			path = constants;
			sourceTree = "<group>";
		};
		2E4756EC1EDC1FB700FD2C1D /* models */ = {
			isa = PBXGroup;
			children = (
				2E4756EE1EDC201E00FD2C1D /* project */,
				2E4756ED1EDC201400FD2C1D /* api */,
			);
			path = models;
			sourceTree = "<group>";
		};
		2E4756ED1EDC201400FD2C1D /* api */ = {
			isa = PBXGroup;
			children = (
				2E4756EF1EDC203300FD2C1D /* BaseData.swift */,
				2E4756F01EDC203300FD2C1D /* Params.swift */,
				2E4756F11EDC203300FD2C1D /* Response.swift */,
				2E4756F21EDC203300FD2C1D /* ResponseDelegate.swift */,
			);
			path = api;
			sourceTree = "<group>";
		};
		2E4756EE1EDC201E00FD2C1D /* project */ = {
			isa = PBXGroup;
			children = (
				2E4756F71EDC204300FD2C1D /* ServerConfig.swift */,
			);
			path = project;
			sourceTree = "<group>";
		};
		2E4756FB1EDC206C00FD2C1D /* enums */ = {
			isa = PBXGroup;
			children = (
				2E4756FC1EDC207E00FD2C1D /* ServerEnums.swift */,
			);
			path = enums;
			sourceTree = "<group>";
		};
		2E4757001EDC20F200FD2C1D /* calls */ = {
			isa = PBXGroup;
			children = (
				2E4757041EDC211F00FD2C1D /* ApiCalls.swift */,
			);
			path = calls;
			sourceTree = "<group>";
		};
		2E4757011EDC20F800FD2C1D /* endpoints */ = {
			isa = PBXGroup;
			children = (
				2E4757021EDC211600FD2C1D /* Endpoints.swift */,
			);
			path = endpoints;
			sourceTree = "<group>";
		};
		2E4757071EDC215800FD2C1D /* cells */ = {
			isa = PBXGroup;
			children = (
				2E47570D1EDC21C000FD2C1D /* xib */,
				2E4757191EDC265600FD2C1D /* StubTableViewCell.swift */,
			);
			path = cells;
			sourceTree = "<group>";
		};
		2E4757081EDC216000FD2C1D /* extensions */ = {
			isa = PBXGroup;
			children = (
				2E4757171EDC262D00FD2C1D /* StubExtension.swift */,
			);
			path = extensions;
			sourceTree = "<group>";
		};
		2E4757091EDC216800FD2C1D /* storyboards */ = {
			isa = PBXGroup;
			children = (
				2E4757131EDC260B00FD2C1D /* Stub.storyboard */,
			);
			path = storyboards;
			sourceTree = "<group>";
		};
		2E47570A1EDC216E00FD2C1D /* utils */ = {
			isa = PBXGroup;
			children = (
				2E4757151EDC262000FD2C1D /* StubUtils.swift */,
			);
			path = utils;
			sourceTree = "<group>";
		};
		2E47570B1EDC217500FD2C1D /* viewcontrollers */ = {
			isa = PBXGroup;
			children = (
				2E4756B41EDC1BCF00FD2C1D /* EntryViewController.swift */,
			);
			path = viewcontrollers;
			sourceTree = "<group>";
		};
		2E47570C1EDC218000FD2C1D /* views */ = {
			isa = PBXGroup;
			children = (
				2E47570E1EDC21C800FD2C1D /* xib */,
				2E47570F1EDC223300FD2C1D /* StubView.swift */,
			);
			path = views;
			sourceTree = "<group>";
		};
		2E47570D1EDC21C000FD2C1D /* xib */ = {
			isa = PBXGroup;
			children = (
				2E47571B1EDC267F00FD2C1D /* StubTableViewCell.xib */,
			);
			path = xib;
			sourceTree = "<group>";
		};
		2E47570E1EDC21C800FD2C1D /* xib */ = {
			isa = PBXGroup;
			children = (
				2E4757111EDC224500FD2C1D /* StubView.xib */,
			);
			path = xib;
			sourceTree = "<group>";
		};
/* End PBXGroup section */

/* Begin PBXNativeTarget section */
		2E4756AE1EDC1BCF00FD2C1D /* BaseiOSProject */ = {
			isa = PBXNativeTarget;
			buildConfigurationList = 2E4756C11EDC1BCF00FD2C1D /* Build configuration list for PBXNativeTarget "BaseiOSProject" */;
			buildPhases = (
				2E4756AB1EDC1BCF00FD2C1D /* Sources */,
				2E4756AC1EDC1BCF00FD2C1D /* Frameworks */,
				2E4756AD1EDC1BCF00FD2C1D /* Resources */,
			);
			buildRules = (
			);
			dependencies = (
			);
			name = BaseiOSProject;
			productName = BaseiOSProject;
			productReference = 2E4756AF1EDC1BCF00FD2C1D /* BaseiOSProject.app */;
			productType = "com.apple.product-type.application";
		};
/* End PBXNativeTarget section */

/* Begin PBXProject section */
		2E4756A71EDC1BCF00FD2C1D /* Project object */ = {
			isa = PBXProject;
			attributes = {
				LastSwiftUpdateCheck = 0830;
				LastUpgradeCheck = 0830;
				ORGANIZATIONNAME = CottaCush;
				TargetAttributes = {
					2E4756AE1EDC1BCF00FD2C1D = {
						CreatedOnToolsVersion = 8.3.2;
						DevelopmentTeam = 923HJBFVK7;
						ProvisioningStyle = Automatic;
					};
				};
			};
			buildConfigurationList = 2E4756AA1EDC1BCF00FD2C1D /* Build configuration list for PBXProject "BaseiOSProject" */;
			compatibilityVersion = "Xcode 3.2";
			developmentRegion = English;
			hasScannedForEncodings = 0;
			knownRegions = (
				en,
				Base,
			);
			mainGroup = 2E4756A61EDC1BCF00FD2C1D;
			productRefGroup = 2E4756B01EDC1BCF00FD2C1D /* Products */;
			projectDirPath = "";
			projectRoot = "";
			targets = (
				2E4756AE1EDC1BCF00FD2C1D /* BaseiOSProject */,
			);
		};
/* End PBXProject section */

/* Begin PBXResourcesBuildPhase section */
		2E4756AD1EDC1BCF00FD2C1D /* Resources */ = {
			isa = PBXResourcesBuildPhase;
			buildActionMask = 2147483647;
			files = (
				2E47571C1EDC267F00FD2C1D /* StubTableViewCell.xib in Resources */,
				2E4756BD1EDC1BCF00FD2C1D /* LaunchScreen.storyboard in Resources */,
				2E4756BA1EDC1BCF00FD2C1D /* Assets.xcassets in Resources */,
				2E47571E1EDC26C200FD2C1D /* SampleServerConfig.plist in Resources */,
				2E4757141EDC260B00FD2C1D /* Stub.storyboard in Resources */,
				2E4757121EDC224500FD2C1D /* StubView.xib in Resources */,
				2E4756B81EDC1BCF00FD2C1D /* Main.storyboard in Resources */,
			);
			runOnlyForDeploymentPostprocessing = 0;
		};
/* End PBXResourcesBuildPhase section */

/* Begin PBXSourcesBuildPhase section */
		2E4756AB1EDC1BCF00FD2C1D /* Sources */ = {
			isa = PBXSourcesBuildPhase;
			buildActionMask = 2147483647;
			files = (
				2E4757051EDC211F00FD2C1D /* ApiCalls.swift in Sources */,
				2E4756B51EDC1BCF00FD2C1D /* EntryViewController.swift in Sources */,
				2E4756B31EDC1BCF00FD2C1D /* AppDelegate.swift in Sources */,
				2E4756F81EDC204300FD2C1D /* ServerConfig.swift in Sources */,
				2E4756FD1EDC207E00FD2C1D /* ServerEnums.swift in Sources */,
				2E4756F61EDC203300FD2C1D /* ResponseDelegate.swift in Sources */,
				2E4757201EDC271500FD2C1D /* README.md in Sources */,
				2E4756FF1EDC208500FD2C1D /* ConfigLoader.swift in Sources */,
				2E4756F31EDC203300FD2C1D /* BaseData.swift in Sources */,
				2E4756F41EDC203300FD2C1D /* Params.swift in Sources */,
				2E4757181EDC262D00FD2C1D /* StubExtension.swift in Sources */,
				2E4756F51EDC203300FD2C1D /* Response.swift in Sources */,
				2E4757161EDC262000FD2C1D /* StubUtils.swift in Sources */,
				2E4756CC1EDC1F1000FD2C1D /* StubLibraries.swift in Sources */,
				2E4757031EDC211600FD2C1D /* Endpoints.swift in Sources */,
				2E47571A1EDC265600FD2C1D /* StubTableViewCell.swift in Sources */,
				2E4757101EDC223300FD2C1D /* StubView.swift in Sources */,
				2E4756FA1EDC205400FD2C1D /* Constants.swift in Sources */,
			);
			runOnlyForDeploymentPostprocessing = 0;
		};
/* End PBXSourcesBuildPhase section */

/* Begin PBXVariantGroup section */
		2E4756B61EDC1BCF00FD2C1D /* Main.storyboard */ = {
			isa = PBXVariantGroup;
			children = (
				2E4756B71EDC1BCF00FD2C1D /* Base */,
			);
			name = Main.storyboard;
			sourceTree = "<group>";
		};
		2E4756BB1EDC1BCF00FD2C1D /* LaunchScreen.storyboard */ = {
			isa = PBXVariantGroup;
			children = (
				2E4756BC1EDC1BCF00FD2C1D /* Base */,
			);
			name = LaunchScreen.storyboard;
			sourceTree = "<group>";
		};
/* End PBXVariantGroup section */

/* Begin XCBuildConfiguration section */
		2E4756BF1EDC1BCF00FD2C1D /* Debug */ = {
			isa = XCBuildConfiguration;
			buildSettings = {
				ALWAYS_SEARCH_USER_PATHS = NO;
				CLANG_ANALYZER_NONNULL = YES;
				CLANG_ANALYZER_NUMBER_OBJECT_CONVERSION = YES_AGGRESSIVE;
				CLANG_CXX_LANGUAGE_STANDARD = "gnu++0x";
				CLANG_CXX_LIBRARY = "libc++";
				CLANG_ENABLE_MODULES = YES;
				CLANG_ENABLE_OBJC_ARC = YES;
				CLANG_WARN_BOOL_CONVERSION = YES;
				CLANG_WARN_CONSTANT_CONVERSION = YES;
				CLANG_WARN_DIRECT_OBJC_ISA_USAGE = YES_ERROR;
				CLANG_WARN_DOCUMENTATION_COMMENTS = YES;
				CLANG_WARN_EMPTY_BODY = YES;
				CLANG_WARN_ENUM_CONVERSION = YES;
				CLANG_WARN_INFINITE_RECURSION = YES;
				CLANG_WARN_INT_CONVERSION = YES;
				CLANG_WARN_OBJC_ROOT_CLASS = YES_ERROR;
				CLANG_WARN_SUSPICIOUS_MOVE = YES;
				CLANG_WARN_UNREACHABLE_CODE = YES;
				CLANG_WARN__DUPLICATE_METHOD_MATCH = YES;
				"CODE_SIGN_IDENTITY[sdk=iphoneos*]" = "iPhone Developer";
				COPY_PHASE_STRIP = NO;
				DEBUG_INFORMATION_FORMAT = dwarf;
				ENABLE_STRICT_OBJC_MSGSEND = YES;
				ENABLE_TESTABILITY = YES;
				GCC_C_LANGUAGE_STANDARD = gnu99;
				GCC_DYNAMIC_NO_PIC = NO;
				GCC_NO_COMMON_BLOCKS = YES;
				GCC_OPTIMIZATION_LEVEL = 0;
				GCC_PREPROCESSOR_DEFINITIONS = (
					"DEBUG=1",
					"$(inherited)",
				);
				GCC_WARN_64_TO_32_BIT_CONVERSION = YES;
				GCC_WARN_ABOUT_RETURN_TYPE = YES_ERROR;
				GCC_WARN_UNDECLARED_SELECTOR = YES;
				GCC_WARN_UNINITIALIZED_AUTOS = YES_AGGRESSIVE;
				GCC_WARN_UNUSED_FUNCTION = YES;
				GCC_WARN_UNUSED_VARIABLE = YES;
				IPHONEOS_DEPLOYMENT_TARGET = 10.3;
				MTL_ENABLE_DEBUG_INFO = YES;
				ONLY_ACTIVE_ARCH = YES;
				SDKROOT = iphoneos;
				SWIFT_ACTIVE_COMPILATION_CONDITIONS = DEBUG;
				SWIFT_OPTIMIZATION_LEVEL = "-Onone";
			};
			name = Debug;
		};
		2E4756C01EDC1BCF00FD2C1D /* Release */ = {
			isa = XCBuildConfiguration;
			buildSettings = {
				ALWAYS_SEARCH_USER_PATHS = NO;
				CLANG_ANALYZER_NONNULL = YES;
				CLANG_ANALYZER_NUMBER_OBJECT_CONVERSION = YES_AGGRESSIVE;
				CLANG_CXX_LANGUAGE_STANDARD = "gnu++0x";
				CLANG_CXX_LIBRARY = "libc++";
				CLANG_ENABLE_MODULES = YES;
				CLANG_ENABLE_OBJC_ARC = YES;
				CLANG_WARN_BOOL_CONVERSION = YES;
				CLANG_WARN_CONSTANT_CONVERSION = YES;
				CLANG_WARN_DIRECT_OBJC_ISA_USAGE = YES_ERROR;
				CLANG_WARN_DOCUMENTATION_COMMENTS = YES;
				CLANG_WARN_EMPTY_BODY = YES;
				CLANG_WARN_ENUM_CONVERSION = YES;
				CLANG_WARN_INFINITE_RECURSION = YES;
				CLANG_WARN_INT_CONVERSION = YES;
				CLANG_WARN_OBJC_ROOT_CLASS = YES_ERROR;
				CLANG_WARN_SUSPICIOUS_MOVE = YES;
				CLANG_WARN_UNREACHABLE_CODE = YES;
				CLANG_WARN__DUPLICATE_METHOD_MATCH = YES;
				"CODE_SIGN_IDENTITY[sdk=iphoneos*]" = "iPhone Developer";
				COPY_PHASE_STRIP = NO;
				DEBUG_INFORMATION_FORMAT = "dwarf-with-dsym";
				ENABLE_NS_ASSERTIONS = NO;
				ENABLE_STRICT_OBJC_MSGSEND = YES;
				GCC_C_LANGUAGE_STANDARD = gnu99;
				GCC_NO_COMMON_BLOCKS = YES;
				GCC_WARN_64_TO_32_BIT_CONVERSION = YES;
				GCC_WARN_ABOUT_RETURN_TYPE = YES_ERROR;
				GCC_WARN_UNDECLARED_SELECTOR = YES;
				GCC_WARN_UNINITIALIZED_AUTOS = YES_AGGRESSIVE;
				GCC_WARN_UNUSED_FUNCTION = YES;
				GCC_WARN_UNUSED_VARIABLE = YES;
				IPHONEOS_DEPLOYMENT_TARGET = 10.3;
				MTL_ENABLE_DEBUG_INFO = NO;
				SDKROOT = iphoneos;
				SWIFT_OPTIMIZATION_LEVEL = "-Owholemodule";
				VALIDATE_PRODUCT = YES;
			};
			name = Release;
		};
		2E4756C21EDC1BCF00FD2C1D /* Debug */ = {
			isa = XCBuildConfiguration;
			buildSettings = {
				ASSETCATALOG_COMPILER_APPICON_NAME = AppIcon;
				DEVELOPMENT_TEAM = 923HJBFVK7;
				INFOPLIST_FILE = BaseiOSProject/Info.plist;
				LD_RUNPATH_SEARCH_PATHS = "$(inherited) @executable_path/Frameworks";
				PRODUCT_BUNDLE_IDENTIFIER = com.cottacush.ios.BaseiOSProject;
				PRODUCT_NAME = "$(TARGET_NAME)";
				SWIFT_VERSION = 3.0;
			};
			name = Debug;
		};
		2E4756C31EDC1BCF00FD2C1D /* Release */ = {
			isa = XCBuildConfiguration;
			buildSettings = {
				ASSETCATALOG_COMPILER_APPICON_NAME = AppIcon;
				DEVELOPMENT_TEAM = 923HJBFVK7;
				INFOPLIST_FILE = BaseiOSProject/Info.plist;
				LD_RUNPATH_SEARCH_PATHS = "$(inherited) @executable_path/Frameworks";
				PRODUCT_BUNDLE_IDENTIFIER = com.cottacush.ios.BaseiOSProject;
				PRODUCT_NAME = "$(TARGET_NAME)";
				SWIFT_VERSION = 3.0;
			};
			name = Release;
		};
/* End XCBuildConfiguration section */

/* Begin XCConfigurationList section */
		2E4756AA1EDC1BCF00FD2C1D /* Build configuration list for PBXProject "BaseiOSProject" */ = {
			isa = XCConfigurationList;
			buildConfigurations = (
				2E4756BF1EDC1BCF00FD2C1D /* Debug */,
				2E4756C01EDC1BCF00FD2C1D /* Release */,
			);
			defaultConfigurationIsVisible = 0;
			defaultConfigurationName = Release;
		};
		2E4756C11EDC1BCF00FD2C1D /* Build configuration list for PBXNativeTarget "BaseiOSProject" */ = {
			isa = XCConfigurationList;
			buildConfigurations = (
				2E4756C21EDC1BCF00FD2C1D /* Debug */,
				2E4756C31EDC1BCF00FD2C1D /* Release */,
			);
			defaultConfigurationIsVisible = 0;
		};
/* End XCConfigurationList section */
	};
	rootObject = 2E4756A71EDC1BCF00FD2C1D /* Project object */;
}
